
Microsoft Visual Studio Solution File, Format Version 12.00
# Visual Studio Version 16
VisualStudioVersion = 16.0.28803.452
MinimumVisualStudioVersion = 10.0.40219.1
Project("{FAE04EC0-301F-11D3-BF4B-00C04F79EFBC}") = "csv_readToslide_window", "csv_readToslide_window\csv_readToslide_window.csproj", "{B2310E25-3C1C-4F7C-BCA6-190C3585BA64}"
EndProject
Global
	GlobalSection(SolutionConfigurationPlatforms) = preSolution
		Debug|Any CPU = Debug|Any CPU
		Release|Any CPU = Release|Any CPU
	EndGlobalSection
	GlobalSection(ProjectConfigurationPlatforms) = postSolution
		{B2310E25-3C1C-4F7C-BCA6-190C3585BA64}.Debug|Any CPU.ActiveCfg = Debug|Any CPU
		{B2310E25-3C1C-4F7C-BCA6-190C3585BA64}.Debug|Any CPU.Build.0 = Debug|Any CPU
		{B2310E25-3C1C-4F7C-BCA6-190C3585BA64}.Release|Any CPU.ActiveCfg = Release|Any CPU
		{B2310E25-3C1C-4F7C-BCA6-190C3585BA64}.Release|Any CPU.Build.0 = Release|Any CPU
	EndGlobalSection
	GlobalSection(SolutionProperties) = preSolution
		HideSolutionNode = FALSE
	EndGlobalSection
	GlobalSection(ExtensibilityGlobals) = postSolution
		SolutionGuid = {5CBEE77A-5C5D-4F3F-B79A-DA95E8D40EF2}
	EndGlobalSection
EndGlobal
